
Microsoft Visual Studio Solution File, Format Version 12.00
# Visual Studio Version 16
VisualStudioVersion = 16.0.32802.440
MinimumVisualStudioVersion = 10.0.40219.1
Project("{FAE04EC0-301F-11D3-BF4B-00C04F79EFBC}") = "WebScraper.Web", "WebScraper.Web\WebScraper.Web.csproj", "{C2E7E68B-9D9C-4821-B71D-960973540F8C}"
EndProject
Project("{FAE04EC0-301F-11D3-BF4B-00C04F79EFBC}") = "WebScraper.Scraper", "WebScraper.Scraper\WebScraper.Scraper.csproj", "{D6BE04DF-C18A-4CCE-BF40-585981B47ABC}"
EndProject
Global
	GlobalSection(SolutionConfigurationPlatforms) = preSolution
		Debug|Any CPU = Debug|Any CPU
		Release|Any CPU = Release|Any CPU
	EndGlobalSection
	GlobalSection(ProjectConfigurationPlatforms) = postSolution
		{C2E7E68B-9D9C-4821-B71D-960973540F8C}.Debug|Any CPU.ActiveCfg = Debug|Any CPU
		{C2E7E68B-9D9C-4821-B71D-960973540F8C}.Debug|Any CPU.Build.0 = Debug|Any CPU
		{C2E7E68B-9D9C-4821-B71D-960973540F8C}.Release|Any CPU.ActiveCfg = Release|Any CPU
		{C2E7E68B-9D9C-4821-B71D-960973540F8C}.Release|Any CPU.Build.0 = Release|Any CPU
		{D6BE04DF-C18A-4CCE-BF40-585981B47ABC}.Debug|Any CPU.ActiveCfg = Debug|Any CPU
		{D6BE04DF-C18A-4CCE-BF40-585981B47ABC}.Debug|Any CPU.Build.0 = Debug|Any CPU
		{D6BE04DF-C18A-4CCE-BF40-585981B47ABC}.Release|Any CPU.ActiveCfg = Release|Any CPU
		{D6BE04DF-C18A-4CCE-BF40-585981B47ABC}.Release|Any CPU.Build.0 = Release|Any CPU
	EndGlobalSection
	GlobalSection(SolutionProperties) = preSolution
		HideSolutionNode = FALSE
	EndGlobalSection
	GlobalSection(ExtensibilityGlobals) = postSolution
		SolutionGuid = {43ADBE5B-4699-4C55-829E-03D393EC3363}
	EndGlobalSection
EndGlobal
